
Microsoft Visual Studio Solution File, Format Version 12.00
# Visual Studio Version 16
VisualStudioVersion = 16.0.30717.126
MinimumVisualStudioVersion = 10.0.40219.1
Project("{FAE04EC0-301F-11D3-BF4B-00C04F79EFBC}") = "CalixtosStore.Email", "CalixtosStore.Email\CalixtosStore.Email.csproj", "{BDB2194F-54C7-407F-955A-E1105DB6791F}"
EndProject
Global
	GlobalSection(SolutionConfigurationPlatforms) = preSolution
		Debug|Any CPU = Debug|Any CPU
		Release|Any CPU = Release|Any CPU
	EndGlobalSection
	GlobalSection(ProjectConfigurationPlatforms) = postSolution
		{BDB2194F-54C7-407F-955A-E1105DB6791F}.Debug|Any CPU.ActiveCfg = Debug|Any CPU
		{BDB2194F-54C7-407F-955A-E1105DB6791F}.Debug|Any CPU.Build.0 = Debug|Any CPU
		{BDB2194F-54C7-407F-955A-E1105DB6791F}.Release|Any CPU.ActiveCfg = Release|Any CPU
		{BDB2194F-54C7-407F-955A-E1105DB6791F}.Release|Any CPU.Build.0 = Release|Any CPU
	EndGlobalSection
	GlobalSection(SolutionProperties) = preSolution
		HideSolutionNode = FALSE
	EndGlobalSection
	GlobalSection(ExtensibilityGlobals) = postSolution
		SolutionGuid = {A6D6DDC2-6D17-46F5-8DC4-4B5AA8E92643}
	EndGlobalSection
EndGlobal
